{
  "name": "issue-npm-install",
  "version": "1.0.0",
  "lockfileVersion": 2,
  "requires": true,
  "packages": {
    "": {
      "name": "issue-npm-install",
      "version": "1.0.0",
      "workspaces": [
        "./project"
      ]
    },
    "node_modules/example": {
      "resolved": "project",
      "link": true
    },
    "node_modules/tslib": {
      "version": "2.3.1",
      "resolved": "https://registry.npmjs.org/tslib/-/tslib-2.3.1.tgz",
      "integrity": "sha512-77EbyPPpMz+FRFRuAFlWMtmgUWGe9UOG2Z25NqCwiIjRhOf5iKGuzSe5P2w1laq+FkRy4p+PCuVkJSGkzTEKVw=="
    },
    "project": {
      "name": "example",
      "dependencies": {
        "@angular/router": "^13.1.2"
      },
      "devDependencies": {}
    },
    "project/node_modules/@angular/animations": {
      "version": "13.2.4",
      "resolved": "https://registry.npmjs.org/@angular/animations/-/animations-13.2.4.tgz",
      "integrity": "sha512-+vuov1+UPD6KIxkI56n4gxNp72hpPmmzwY+r8M+MzyB/UUTBQY8RX0dmgvXJ2zejy08dd9eF+7qmRGK1Nwjszg==",
      "optional": true,
      "peer": true,
      "dependencies": {
        "tslib": "^2.3.0"
      },
      "engines": {
        "node": "^12.20.0 || ^14.15.0 || >=16.10.0"
      },
      "peerDependencies": {
        "@angular/core": "13.2.4"
      }
    },
    "project/node_modules/@angular/common": {
      "version": "13.2.4",
      "resolved": "https://registry.npmjs.org/@angular/common/-/common-13.2.4.tgz",
      "integrity": "sha512-telHfROR8QYZ0IE7rZF8yQG4PkKIZ9oKpl3HwybSzTTbvWwHPtScqvr4b1oKjb0Q6F4OkH3QtrZ+PXMAp0Hv/w==",
      "peer": true,
      "dependencies": {
        "tslib": "^2.3.0"
      },
      "engines": {
        "node": "^12.20.0 || ^14.15.0 || >=16.10.0"
      },
      "peerDependencies": {
        "@angular/core": "13.2.4",
        "rxjs": "^6.5.3 || ^7.4.0"
      }
    },
    "project/node_modules/@angular/core": {
      "version": "13.2.4",
      "resolved": "https://registry.npmjs.org/@angular/core/-/core-13.2.4.tgz",
      "integrity": "sha512-cCgf8Crx86hvZQX8lc7Yy5fedRI4trAXYsysrJ7ISRohfFk31Z/W5BEpKO8CkX51Ja5IfJPyoI2DVVTvrwzsEQ==",
      "peer": true,
      "dependencies": {
        "tslib": "^2.3.0"
      },
      "engines": {
        "node": "^12.20.0 || ^14.15.0 || >=16.10.0"
      },
      "peerDependencies": {
        "rxjs": "^6.5.3 || ^7.4.0",
        "zone.js": "~0.11.4"
      }
    },
    "project/node_modules/@angular/platform-browser": {
      "version": "13.2.4",
      "resolved": "https://registry.npmjs.org/@angular/platform-browser/-/platform-browser-13.2.4.tgz",
      "integrity": "sha512-zyQ5wtCY+V+ww9Lx6fDdCYTJ7lRuszcN4eqogbtLak8uNnC+DjZSjNbgsrCwZ/v5q712DtCTQlSOFtRg9SWYug==",
      "peer": true,
      "dependencies": {
        "tslib": "^2.3.0"
      },
      "engines": {
        "node": "^12.20.0 || ^14.15.0 || >=16.10.0"
      },
      "peerDependencies": {
        "@angular/animations": "13.2.4",
        "@angular/common": "13.2.4",
        "@angular/core": "13.2.4"
      },
      "peerDependenciesMeta": {
        "@angular/animations": {
          "optional": true
        }
      }
    },
    "project/node_modules/@angular/router": {
      "version": "13.2.4",
      "resolved": "https://registry.npmjs.org/@angular/router/-/router-13.2.4.tgz",
      "integrity": "sha512-ZNahK4W+DAHThGwCOkW2MN12/Zx9PgNL/DRhGyPpL8vBBIgmOjoLB5N5QWMICauIgGQ635oorSN6lGxX6ZPbCA==",
      "dependencies": {
        "tslib": "^2.3.0"
      },
      "engines": {
        "node": "^12.20.0 || ^14.15.0 || >=16.10.0"
      },
      "peerDependencies": {
        "@angular/common": "13.2.4",
        "@angular/core": "13.2.4",
        "@angular/platform-browser": "13.2.4",
        "rxjs": "^6.5.3 || ^7.4.0"
      }
    },
    "project/node_modules/rxjs": {
      "version": "7.5.4",
      "resolved": "https://registry.npmjs.org/rxjs/-/rxjs-7.5.4.tgz",
      "integrity": "sha512-h5M3Hk78r6wAheJF0a5YahB1yRQKCsZ4MsGdZ5O9ETbVtjPcScGfrMmoOq7EBsCRzd4BDkvDJ7ogP8Sz5tTFiQ==",
      "peer": true,
      "dependencies": {
        "tslib": "^2.1.0"
      }
    },
    "project/node_modules/zone.js": {
      "version": "0.11.4",
      "resolved": "https://registry.npmjs.org/zone.js/-/zone.js-0.11.4.tgz",
      "integrity": "sha512-DDh2Ab+A/B+9mJyajPjHFPWfYU1H+pdun4wnnk0OcQTNjem1XQSZ2CDW+rfZEUDjv5M19SBqAkjZi0x5wuB5Qw==",
      "peer": true,
      "dependencies": {
        "tslib": "^2.0.0"
      }
    }
  },
  "dependencies": {
    "example": {
      "version": "file:project",
      "requires": {
        "@angular/router": "^13.1.2"
      },
      "dependencies": {
        "@angular/animations": {
          "version": "13.2.4",
          "resolved": "https://registry.npmjs.org/@angular/animations/-/animations-13.2.4.tgz",
          "integrity": "sha512-+vuov1+UPD6KIxkI56n4gxNp72hpPmmzwY+r8M+MzyB/UUTBQY8RX0dmgvXJ2zejy08dd9eF+7qmRGK1Nwjszg==",
          "optional": true,
          "peer": true,
          "requires": {
            "tslib": "^2.3.0"
          }
        },
        "@angular/common": {
          "version": "13.2.4",
          "resolved": "https://registry.npmjs.org/@angular/common/-/common-13.2.4.tgz",
          "integrity": "sha512-telHfROR8QYZ0IE7rZF8yQG4PkKIZ9oKpl3HwybSzTTbvWwHPtScqvr4b1oKjb0Q6F4OkH3QtrZ+PXMAp0Hv/w==",
          "peer": true,
          "requires": {
            "tslib": "^2.3.0"
          }
        },
        "@angular/core": {
          "version": "13.2.4",
          "resolved": "https://registry.npmjs.org/@angular/core/-/core-13.2.4.tgz",
          "integrity": "sha512-cCgf8Crx86hvZQX8lc7Yy5fedRI4trAXYsysrJ7ISRohfFk31Z/W5BEpKO8CkX51Ja5IfJPyoI2DVVTvrwzsEQ==",
          "peer": true,
          "requires": {
            "tslib": "^2.3.0"
          }
        },
        "@angular/platform-browser": {
          "version": "13.2.4",
          "resolved": "https://registry.npmjs.org/@angular/platform-browser/-/platform-browser-13.2.4.tgz",
          "integrity": "sha512-zyQ5wtCY+V+ww9Lx6fDdCYTJ7lRuszcN4eqogbtLak8uNnC+DjZSjNbgsrCwZ/v5q712DtCTQlSOFtRg9SWYug==",
          "peer": true,
          "requires": {
            "tslib": "^2.3.0"
          }
        },
        "@angular/router": {
          "version": "13.2.4",
          "resolved": "https://registry.npmjs.org/@angular/router/-/router-13.2.4.tgz",
          "integrity": "sha512-ZNahK4W+DAHThGwCOkW2MN12/Zx9PgNL/DRhGyPpL8vBBIgmOjoLB5N5QWMICauIgGQ635oorSN6lGxX6ZPbCA==",
          "requires": {
            "tslib": "^2.3.0"
          }
        },
        "rxjs": {
          "version": "7.5.4",
          "resolved": "https://registry.npmjs.org/rxjs/-/rxjs-7.5.4.tgz",
          "integrity": "sha512-h5M3Hk78r6wAheJF0a5YahB1yRQKCsZ4MsGdZ5O9ETbVtjPcScGfrMmoOq7EBsCRzd4BDkvDJ7ogP8Sz5tTFiQ==",
          "peer": true,
          "requires": {
            "tslib": "^2.1.0"
          }
        },
        "zone.js": {
          "version": "0.11.4",
          "resolved": "https://registry.npmjs.org/zone.js/-/zone.js-0.11.4.tgz",
          "integrity": "sha512-DDh2Ab+A/B+9mJyajPjHFPWfYU1H+pdun4wnnk0OcQTNjem1XQSZ2CDW+rfZEUDjv5M19SBqAkjZi0x5wuB5Qw==",
          "peer": true,
          "requires": {
            "tslib": "^2.0.0"
          }
        }
      }
    },
    "tslib": {
      "version": "2.3.1",
      "resolved": "https://registry.npmjs.org/tslib/-/tslib-2.3.1.tgz",
      "integrity": "sha512-77EbyPPpMz+FRFRuAFlWMtmgUWGe9UOG2Z25NqCwiIjRhOf5iKGuzSe5P2w1laq+FkRy4p+PCuVkJSGkzTEKVw=="
    }
  }
}
